
Microsoft Visual Studio Solution File, Format Version 12.00
# Visual Studio 15
Project("{FAE04EC0-301F-11D3-BF4B-00C04F79EFBC}") = "hexOS", "hexOS.csproj", "{CF46DD3C-CFDB-5CDF-B84B-C0F7701B11D3}"
EndProject
Project("{FAE04EC0-301F-11D3-BF4B-00C04F79EFBC}") = "hexOS.Editor", "hexOS.Editor.csproj", "{BC9DF834-EB72-D272-B779-4CFF84A13760}"
EndProject
Global
	GlobalSection(SolutionConfigurationPlatforms) = preSolution
		Debug|Any CPU = Debug|Any CPU
		Release|Any CPU = Release|Any CPU
	EndGlobalSection
	GlobalSection(ProjectConfigurationPlatforms) = postSolution
		{CF46DD3C-CFDB-5CDF-B84B-C0F7701B11D3}.Debug|Any CPU.ActiveCfg = Debug|Any CPU
		{CF46DD3C-CFDB-5CDF-B84B-C0F7701B11D3}.Debug|Any CPU.Build.0 = Debug|Any CPU
		{CF46DD3C-CFDB-5CDF-B84B-C0F7701B11D3}.Release|Any CPU.ActiveCfg = Release|Any CPU
		{CF46DD3C-CFDB-5CDF-B84B-C0F7701B11D3}.Release|Any CPU.Build.0 = Release|Any CPU
		{BC9DF834-EB72-D272-B779-4CFF84A13760}.Debug|Any CPU.ActiveCfg = Debug|Any CPU
		{BC9DF834-EB72-D272-B779-4CFF84A13760}.Debug|Any CPU.Build.0 = Debug|Any CPU
		{BC9DF834-EB72-D272-B779-4CFF84A13760}.Release|Any CPU.ActiveCfg = Release|Any CPU
		{BC9DF834-EB72-D272-B779-4CFF84A13760}.Release|Any CPU.Build.0 = Release|Any CPU
	EndGlobalSection
	GlobalSection(SolutionProperties) = preSolution
		HideSolutionNode = FALSE
	EndGlobalSection
EndGlobal
